// !$*UTF8*$!
{
	archiveVersion = 1;
	classes = {
	};
	objectVersion = 46;
	objects = {

/* Begin PBXBuildFile section */
		0180E26B4ED6C40612921EDA /* Metal.framework */ = {isa = PBXBuildFile; fileRef = 038CB3AF973CDF5E59C99E8D; settings = { ATTRIBUTES = (Weak, ); }; };
		0F23745F10585F1317B1530B /* MetalKit.framework */ = {isa = PBXBuildFile; fileRef = 4C3A37475A8D252EAD196FF1; settings = { ATTRIBUTES = (Weak, ); }; };
		1C528E644F0F944B69EA1AD4 /* IOKit.framework */ = {isa = PBXBuildFile; fileRef = F2F53F49F99486AE8B8601A5; };
		2BAD92B06DD71F80B218E328 /* Security.framework */ = {isa = PBXBuildFile; fileRef = 1433981B0A4C2407DA7CEA81; };
		37159CC998508FE7F8C08F97 /* include_juce_opengl.mm */ = {isa = PBXBuildFile; fileRef = 4C2976E254B52F3B301174EA; };
		5D990FA1CE91BEF61F84F8CE /* ColourPicker.cpp */ = {isa = PBXBuildFile; fileRef = 0E61F032E2BE7103D9B38A8E; };
		5DE0ACDDF253FB96AE32F5BB /* QuartzCore.framework */ = {isa = PBXBuildFile; fileRef = 99130472C839B1042C591085; };
		5E2D5840EC2EA6BD04AD1486 /* OpenGL.framework */ = {isa = PBXBuildFile; fileRef = 6E45778690538EAF9448072E; };
		6CA9E4A18366F27A3F5ED2D0 /* RecentFilesMenuTemplate.nib */ = {isa = PBXBuildFile; fileRef = 0E3AE2996F5896000EC6035D; };
		6FA323B1E93C70523E513693 /* Main.cpp */ = {isa = PBXBuildFile; fileRef = 81654AED984892720BDE7814; };
		7E3ED57C3E631C43BA9017C9 /* include_juce_gui_basics.mm */ = {isa = PBXBuildFile; fileRef = 7908307DED0614373AF95238; };
		832BC995A4435948FDC466D1 /* include_juce_graphics.mm */ = {isa = PBXBuildFile; fileRef = 1CCD344CCF34655CF99B2495; };
		896A8158AA5F86DC20769176 /* BinaryData.cpp */ = {isa = PBXBuildFile; fileRef = AC4F7C53AD2638F4089E1ABE; };
		A36333C302DC6D2364B2118C /* WebKit.framework */ = {isa = PBXBuildFile; fileRef = 0D7B8769B0ED1A29ECE9284B; };
		B88E3BCF91208051DA22C56F /* Foundation.framework */ = {isa = PBXBuildFile; fileRef = 1A573A3B5CDE28B82CA5D39E; };
		C2207621183F783829CF0E5B /* include_juce_gui_extra.mm */ = {isa = PBXBuildFile; fileRef = 4FB187BF48E7D1B03B9FDBA6; };
		C45C4AEACA75068980FB5880 /* include_juce_cryptography.mm */ = {isa = PBXBuildFile; fileRef = 4935B4AD298F9BA7DB47E7A4; };
		CBE7CC812FEC2182C4FC4A59 /* include_juce_events.mm */ = {isa = PBXBuildFile; fileRef = 1DEB7BC973F3F984656D433E; };
		D27735954469A31799701F8A /* App */ = {isa = PBXBuildFile; fileRef = 91361422594EC6F30682F09A; };
		D8E4E45ADEBBBDF5B48F6B12 /* include_juce_data_structures.mm */ = {isa = PBXBuildFile; fileRef = E63E5B870E0F6A81E009F63E; };
		DDE2A186D645B7DD0237E1AF /* include_juce_core.mm */ = {isa = PBXBuildFile; fileRef = 131892388A622F03551B4B65; };
		FC3A3032AA0B2E14FE74B643 /* Cocoa.framework */ = {isa = PBXBuildFile; fileRef = 5AABC2086FC671A478D47C55; };
/* End PBXBuildFile section */

/* Begin PBXFileReference section */
		038CB3AF973CDF5E59C99E8D /* Metal.framework */ /* Metal.framework */ = {isa = PBXFileReference; lastKnownFileType = wrapper.framework; name = Metal.framework; path = System/Library/Frameworks/Metal.framework; sourceTree = SDKROOT; };
		070D67959212DA0C464B2078 /* juce_data_structures */ /* juce_data_structures */ = {isa = PBXFileReference; lastKnownFileType = folder; name = juce_data_structures; path = "~/JUCE/modules/juce_data_structures"; sourceTree = "<absolute>"; };
		0D7B8769B0ED1A29ECE9284B /* WebKit.framework */ /* WebKit.framework */ = {isa = PBXFileReference; lastKnownFileType = wrapper.framework; name = WebKit.framework; path = System/Library/Frameworks/WebKit.framework; sourceTree = SDKROOT; };
		0E3AE2996F5896000EC6035D /* RecentFilesMenuTemplate.nib */ /* RecentFilesMenuTemplate.nib */ = {isa = PBXFileReference; lastKnownFileType = file.nib; name = RecentFilesMenuTemplate.nib; path = RecentFilesMenuTemplate.nib; sourceTree = SOURCE_ROOT; };
		0E61F032E2BE7103D9B38A8E /* ColourPicker.cpp */ /* ColourPicker.cpp */ = {isa = PBXFileReference; lastKnownFileType = sourcecode.cpp.cpp; name = ColourPicker.cpp; path = ../../Source/ColourPicker.cpp; sourceTree = SOURCE_ROOT; };
		131892388A622F03551B4B65 /* include_juce_core.mm */ /* include_juce_core.mm */ = {isa = PBXFileReference; lastKnownFileType = sourcecode.cpp.objcpp; name = include_juce_core.mm; path = ../../JuceLibraryCode/include_juce_core.mm; sourceTree = SOURCE_ROOT; };
		1433981B0A4C2407DA7CEA81 /* Security.framework */ /* Security.framework */ = {isa = PBXFileReference; lastKnownFileType = wrapper.framework; name = Security.framework; path = System/Library/Frameworks/Security.framework; sourceTree = SDKROOT; };
		1A573A3B5CDE28B82CA5D39E /* Foundation.framework */ /* Foundation.framework */ = {isa = PBXFileReference; lastKnownFileType = wrapper.framework; name = Foundation.framework; path = System/Library/Frameworks/Foundation.framework; sourceTree = SDKROOT; };
		1CCD344CCF34655CF99B2495 /* include_juce_graphics.mm */ /* include_juce_graphics.mm */ = {isa = PBXFileReference; lastKnownFileType = sourcecode.cpp.objcpp; name = include_juce_graphics.mm; path = ../../JuceLibraryCode/include_juce_graphics.mm; sourceTree = SOURCE_ROOT; };
		1DEB7BC973F3F984656D433E /* include_juce_events.mm */ /* include_juce_events.mm */ = {isa = PBXFileReference; lastKnownFileType = sourcecode.cpp.objcpp; name = include_juce_events.mm; path = ../../JuceLibraryCode/include_juce_events.mm; sourceTree = SOURCE_ROOT; };
		261BAC18D6018D5CC33641B5 /* BinaryData.h */ /* BinaryData.h */ = {isa = PBXFileReference; lastKnownFileType = sourcecode.c.h; name = BinaryData.h; path = ../../JuceLibraryCode/BinaryData.h; sourceTree = SOURCE_ROOT; };
		26801E09B6BDFD00F67D3BCE /* juce_graphics */ /* juce_graphics */ = {isa = PBXFileReference; lastKnownFileType = folder; name = juce_graphics; path = "~/JUCE/modules/juce_graphics"; sourceTree = "<absolute>"; };
		3D2017AE5AC48915BE034CBE /* ColourPicker.h */ /* ColourPicker.h */ = {isa = PBXFileReference; lastKnownFileType = sourcecode.c.h; name = ColourPicker.h; path = ../../Source/ColourPicker.h; sourceTree = SOURCE_ROOT; };
		3E4ABD7318DE8083D8CC78B1 /* juce_events */ /* juce_events */ = {isa = PBXFileReference; lastKnownFileType = folder; name = juce_events; path = "~/JUCE/modules/juce_events"; sourceTree = "<absolute>"; };
		4935B4AD298F9BA7DB47E7A4 /* include_juce_cryptography.mm */ /* include_juce_cryptography.mm */ = {isa = PBXFileReference; lastKnownFileType = sourcecode.cpp.objcpp; name = include_juce_cryptography.mm; path = ../../JuceLibraryCode/include_juce_cryptography.mm; sourceTree = SOURCE_ROOT; };
		4C2976E254B52F3B301174EA /* include_juce_opengl.mm */ /* include_juce_opengl.mm */ = {isa = PBXFileReference; lastKnownFileType = sourcecode.cpp.objcpp; name = include_juce_opengl.mm; path = ../../JuceLibraryCode/include_juce_opengl.mm; sourceTree = SOURCE_ROOT; };
		4C3A37475A8D252EAD196FF1 /* MetalKit.framework */ /* MetalKit.framework */ = {isa = PBXFileReference; lastKnownFileType = wrapper.framework; name = MetalKit.framework; path = System/Library/Frameworks/MetalKit.framework; sourceTree = SDKROOT; };
		4FB187BF48E7D1B03B9FDBA6 /* include_juce_gui_extra.mm */ /* include_juce_gui_extra.mm */ = {isa = PBXFileReference; lastKnownFileType = sourcecode.cpp.objcpp; name = include_juce_gui_extra.mm; path = ../../JuceLibraryCode/include_juce_gui_extra.mm; sourceTree = SOURCE_ROOT; };
		5AABC2086FC671A478D47C55 /* Cocoa.framework */ /* Cocoa.framework */ = {isa = PBXFileReference; lastKnownFileType = wrapper.framework; name = Cocoa.framework; path = System/Library/Frameworks/Cocoa.framework; sourceTree = SDKROOT; };
		6E45778690538EAF9448072E /* OpenGL.framework */ /* OpenGL.framework */ = {isa = PBXFileReference; lastKnownFileType = wrapper.framework; name = OpenGL.framework; path = System/Library/Frameworks/OpenGL.framework; sourceTree = SDKROOT; };
		7908307DED0614373AF95238 /* include_juce_gui_basics.mm */ /* include_juce_gui_basics.mm */ = {isa = PBXFileReference; lastKnownFileType = sourcecode.cpp.objcpp; name = include_juce_gui_basics.mm; path = ../../JuceLibraryCode/include_juce_gui_basics.mm; sourceTree = SOURCE_ROOT; };
		7A2B3698E56C318807D6FD1A /* juce_gui_basics */ /* juce_gui_basics */ = {isa = PBXFileReference; lastKnownFileType = folder; name = juce_gui_basics; path = "~/JUCE/modules/juce_gui_basics"; sourceTree = "<absolute>"; };
		81654AED984892720BDE7814 /* Main.cpp */ /* Main.cpp */ = {isa = PBXFileReference; lastKnownFileType = sourcecode.cpp.cpp; name = Main.cpp; path = ../../Source/Main.cpp; sourceTree = SOURCE_ROOT; };
		8DCE56C77AD0552E46832BFB /* juce_core */ /* juce_core */ = {isa = PBXFileReference; lastKnownFileType = folder; name = juce_core; path = "~/JUCE/modules/juce_core"; sourceTree = "<absolute>"; };
		8F5ECF723B1B093B0F1C59CF /* AppConfig.h */ /* AppConfig.h */ = {isa = PBXFileReference; lastKnownFileType = sourcecode.c.h; name = AppConfig.h; path = ../../JuceLibraryCode/AppConfig.h; sourceTree = SOURCE_ROOT; };
		91361422594EC6F30682F09A /* App */ = {isa = PBXFileReference; explicitFileType = wrapper.application; includeInIndex = 0; path = JUCE_ColourPicker.app; sourceTree = BUILT_PRODUCTS_DIR; };
		99130472C839B1042C591085 /* QuartzCore.framework */ /* QuartzCore.framework */ = {isa = PBXFileReference; lastKnownFileType = wrapper.framework; name = QuartzCore.framework; path = System/Library/Frameworks/QuartzCore.framework; sourceTree = SDKROOT; };
		AC4F7C53AD2638F4089E1ABE /* BinaryData.cpp */ /* BinaryData.cpp */ = {isa = PBXFileReference; lastKnownFileType = sourcecode.cpp.cpp; name = BinaryData.cpp; path = ../../JuceLibraryCode/BinaryData.cpp; sourceTree = SOURCE_ROOT; };
		AD51EE01EE385A480E4640AF /* Info-App.plist */ /* Info-App.plist */ = {isa = PBXFileReference; lastKnownFileType = text.plist.xml; name = "Info-App.plist"; path = "Info-App.plist"; sourceTree = SOURCE_ROOT; };
		C5EAB964F3A7A438D822ED1A /* ColourPicker.png */ /* ColourPicker.png */ = {isa = PBXFileReference; lastKnownFileType = image.png; name = ColourPicker.png; path = ../../Resource/ColourPicker.png; sourceTree = SOURCE_ROOT; };
		D573190C34C3A1FA6AE6BE45 /* JuceHeader.h */ /* JuceHeader.h */ = {isa = PBXFileReference; lastKnownFileType = sourcecode.c.h; name = JuceHeader.h; path = ../../JuceLibraryCode/JuceHeader.h; sourceTree = SOURCE_ROOT; };
		D96CF43D631B710F1A15E0C6 /* juce_opengl */ /* juce_opengl */ = {isa = PBXFileReference; lastKnownFileType = folder; name = juce_opengl; path = "~/JUCE/modules/juce_opengl"; sourceTree = "<absolute>"; };
		DD0F36D1445EA51197C3B910 /* juce_cryptography */ /* juce_cryptography */ = {isa = PBXFileReference; lastKnownFileType = folder; name = juce_cryptography; path = "~/JUCE/modules/juce_cryptography"; sourceTree = "<absolute>"; };
		E63E5B870E0F6A81E009F63E /* include_juce_data_structures.mm */ /* include_juce_data_structures.mm */ = {isa = PBXFileReference; lastKnownFileType = sourcecode.cpp.objcpp; name = include_juce_data_structures.mm; path = ../../JuceLibraryCode/include_juce_data_structures.mm; sourceTree = SOURCE_ROOT; };
		F2F53F49F99486AE8B8601A5 /* IOKit.framework */ /* IOKit.framework */ = {isa = PBXFileReference; lastKnownFileType = wrapper.framework; name = IOKit.framework; path = System/Library/Frameworks/IOKit.framework; sourceTree = SDKROOT; };
		F695B0B0F74BD466DD1290C0 /* juce_gui_extra */ /* juce_gui_extra */ = {isa = PBXFileReference; lastKnownFileType = folder; name = juce_gui_extra; path = "~/JUCE/modules/juce_gui_extra"; sourceTree = "<absolute>"; };
/* End PBXFileReference section */

/* Begin PBXFrameworksBuildPhase section */
		AE74CDE57074A9A5E4437E7D = {
			isa = PBXFrameworksBuildPhase;
			buildActionMask = 2147483647;
			files = (
				FC3A3032AA0B2E14FE74B643,
				B88E3BCF91208051DA22C56F,
				1C528E644F0F944B69EA1AD4,
				5E2D5840EC2EA6BD04AD1486,
				5DE0ACDDF253FB96AE32F5BB,
				2BAD92B06DD71F80B218E328,
				A36333C302DC6D2364B2118C,
				0180E26B4ED6C40612921EDA,
				0F23745F10585F1317B1530B,
			);
			runOnlyForDeploymentPostprocessing = 0;
		};
/* End PBXFrameworksBuildPhase section */

/* Begin PBXGroup section */
		234A43670503B516934063E3 /* Resource */ = {
			isa = PBXGroup;
			children = (
				C5EAB964F3A7A438D822ED1A,
			);
			name = Resource;
			sourceTree = "<group>";
		};
		5181344EC221E931D5563A84 /* JUCE Library Code */ = {
			isa = PBXGroup;
			children = (
				8F5ECF723B1B093B0F1C59CF,
				AC4F7C53AD2638F4089E1ABE,
				261BAC18D6018D5CC33641B5,
				131892388A622F03551B4B65,
				4935B4AD298F9BA7DB47E7A4,
				E63E5B870E0F6A81E009F63E,
				1DEB7BC973F3F984656D433E,
				1CCD344CCF34655CF99B2495,
				7908307DED0614373AF95238,
				4FB187BF48E7D1B03B9FDBA6,
				4C2976E254B52F3B301174EA,
				D573190C34C3A1FA6AE6BE45,
			);
			name = "JUCE Library Code";
			sourceTree = "<group>";
		};
		6C558EA215F67DB7E6FE868A /* Source */ = {
			isa = PBXGroup;
			children = (
				0E61F032E2BE7103D9B38A8E,
				3D2017AE5AC48915BE034CBE,
				81654AED984892720BDE7814,
			);
			name = Source;
			sourceTree = "<group>";
		};
		84CA58A5C0CFD39448DBBF71 /* Source */ = {
			isa = PBXGroup;
			children = (
				CB904BAF709BB7C57133224D,
				D0918339E3CB14D7D6A3D5C4,
				5181344EC221E931D5563A84,
				B1BE7FB83339C24E93AC7628,
				9A789C001128D61F7BBB1764,
				DE218199999AC510039C8F2F,
			);
			name = Source;
			sourceTree = "<group>";
		};
		9A789C001128D61F7BBB1764 /* Frameworks */ = {
			isa = PBXGroup;
			children = (
				5AABC2086FC671A478D47C55,
				1A573A3B5CDE28B82CA5D39E,
				F2F53F49F99486AE8B8601A5,
				6E45778690538EAF9448072E,
				99130472C839B1042C591085,
				1433981B0A4C2407DA7CEA81,
				0D7B8769B0ED1A29ECE9284B,
				038CB3AF973CDF5E59C99E8D,
				4C3A37475A8D252EAD196FF1,
			);
			name = Frameworks;
			sourceTree = "<group>";
		};
		B1BE7FB83339C24E93AC7628 /* Resources */ = {
			isa = PBXGroup;
			children = (
				AD51EE01EE385A480E4640AF,
				0E3AE2996F5896000EC6035D,
			);
			name = Resources;
			sourceTree = "<group>";
		};
		CB904BAF709BB7C57133224D /* JUCE_ColourPicker */ = {
			isa = PBXGroup;
			children = (
				234A43670503B516934063E3,
				6C558EA215F67DB7E6FE868A,
			);
			name = JUCE_ColourPicker;
			sourceTree = "<group>";
		};
		D0918339E3CB14D7D6A3D5C4 /* JUCE Modules */ = {
			isa = PBXGroup;
			children = (
				8DCE56C77AD0552E46832BFB,
				DD0F36D1445EA51197C3B910,
				070D67959212DA0C464B2078,
				3E4ABD7318DE8083D8CC78B1,
				26801E09B6BDFD00F67D3BCE,
				7A2B3698E56C318807D6FD1A,
				F695B0B0F74BD466DD1290C0,
				D96CF43D631B710F1A15E0C6,
			);
			name = "JUCE Modules";
			sourceTree = "<group>";
		};
		DE218199999AC510039C8F2F /* Products */ = {
			isa = PBXGroup;
			children = (
				91361422594EC6F30682F09A,
			);
			name = Products;
			sourceTree = "<group>";
		};
/* End PBXGroup section */

/* Begin PBXNativeTarget section */
		3D140A949D4FE53E69817439 /* JUCE_ColourPicker - App */ = {
			isa = PBXNativeTarget;
			buildConfigurationList = 0C3FC1711171B6498F3B8872;
			buildPhases = (
				1F10543D8738989454C134E0,
				0A06EC8CAE9395CD187F5731,
				AE74CDE57074A9A5E4437E7D,
			);
			buildRules = (
			);
			dependencies = (
			);
			name = "JUCE_ColourPicker - App";
			productName = JUCE_ColourPicker;
			productReference = 91361422594EC6F30682F09A;
			productType = "com.apple.product-type.application";
		};
/* End PBXNativeTarget section */

/* Begin PBXProject section */
		FE8DD45A1CB95C94E02950CA = {
			isa = PBXProject;
			attributes = {
				BuildIndependentTargetsInParallel = YES;
				LastUpgradeCheck = 1340;
				ORGANIZATIONNAME = "";
				TargetAttributes = {
					3D140A949D4FE53E69817439 = {
						SystemCapabilities = {
							com.apple.ApplicationGroups.iOS = {
								enabled = 0;
							};
							com.apple.HardenedRuntime = {
								enabled = 0;
							};
							com.apple.InAppPurchase = {
								enabled = 0;
							};
							com.apple.InterAppAudio = {
								enabled = 0;
							};
							com.apple.Push = {
								enabled = 0;
							};
							com.apple.Sandbox = {
								enabled = 0;
							};
						};
					};
				};
			};
			buildConfigurationList = C72AF0B9B8CBD16FAE28F1C1;
			compatibilityVersion = "Xcode 3.2";
			hasScannedForEncodings = 0;
			knownRegions = (
				en,
				Base,
			);
			mainGroup = 84CA58A5C0CFD39448DBBF71;
			projectDirPath = "";
			projectRoot = "";
			targets = (
				3D140A949D4FE53E69817439,
			);
		};
/* End PBXProject section */

/* Begin PBXResourcesBuildPhase section */
		1F10543D8738989454C134E0 = {
			isa = PBXResourcesBuildPhase;
			buildActionMask = 2147483647;
			files = (
				6CA9E4A18366F27A3F5ED2D0,
			);
			runOnlyForDeploymentPostprocessing = 0;
		};
/* End PBXResourcesBuildPhase section */

/* Begin PBXSourcesBuildPhase section */
		0A06EC8CAE9395CD187F5731 = {
			isa = PBXSourcesBuildPhase;
			buildActionMask = 2147483647;
			files = (
				5D990FA1CE91BEF61F84F8CE,
				6FA323B1E93C70523E513693,
				896A8158AA5F86DC20769176,
				DDE2A186D645B7DD0237E1AF,
				C45C4AEACA75068980FB5880,
				D8E4E45ADEBBBDF5B48F6B12,
				CBE7CC812FEC2182C4FC4A59,
				832BC995A4435948FDC466D1,
				7E3ED57C3E631C43BA9017C9,
				C2207621183F783829CF0E5B,
				37159CC998508FE7F8C08F97,
			);
			runOnlyForDeploymentPostprocessing = 0;
		};
/* End PBXSourcesBuildPhase section */

/* Begin XCBuildConfiguration section */
		7C1B5E4DAA8B3E0EAA1FC5EE /* Release */ = {
			isa = XCBuildConfiguration;
			buildSettings = {
				ALWAYS_SEARCH_USER_PATHS = NO;
				CLANG_ENABLE_OBJC_WEAK = YES;
				CLANG_WARN_BLOCK_CAPTURE_AUTORELEASING = YES;
				CLANG_WARN_BOOL_CONVERSION = YES;
				CLANG_WARN_COMMA = YES;
				CLANG_WARN_CONSTANT_CONVERSION = YES;
				CLANG_WARN_DEPRECATED_OBJC_IMPLEMENTATIONS = YES;
				CLANG_WARN_EMPTY_BODY = YES;
				CLANG_WARN_ENUM_CONVERSION = YES;
				CLANG_WARN_INFINITE_RECURSION = YES;
				CLANG_WARN_INT_CONVERSION = YES;
				CLANG_WARN_NON_LITERAL_NULL_CONVERSION = YES;
				CLANG_WARN_OBJC_IMPLICIT_RETAIN_SELF = YES;
				CLANG_WARN_OBJC_LITERAL_CONVERSION = YES;
				CLANG_WARN_RANGE_LOOP_ANALYSIS = YES;
				CLANG_WARN_STRICT_PROTOTYPES = YES;
				CLANG_WARN_SUSPICIOUS_MOVE = YES;
				CLANG_WARN_UNREACHABLE_CODE = YES;
				CLANG_WARN__DUPLICATE_METHOD_MATCH = YES;
				DEBUG_INFORMATION_FORMAT = dwarf;
				ENABLE_STRICT_OBJC_MSGSEND = YES;
				ENABLE_TESTABILITY = NO;
				GCC_C_LANGUAGE_STANDARD = c11;
				GCC_INLINES_ARE_PRIVATE_EXTERN = YES;
				GCC_MODEL_TUNING = G5;
				GCC_NO_COMMON_BLOCKS = YES;
				GCC_SYMBOLS_PRIVATE_EXTERN = YES;
				GCC_WARN_64_TO_32_BIT_CONVERSION = YES;
				GCC_WARN_ABOUT_RETURN_TYPE = YES;
				GCC_WARN_CHECK_SWITCH_STATEMENTS = YES;
				GCC_WARN_MISSING_PARENTHESES = YES;
				GCC_WARN_NON_VIRTUAL_DESTRUCTOR = YES;
				GCC_WARN_TYPECHECK_CALLS_TO_PRINTF = YES;
				GCC_WARN_UNDECLARED_SELECTOR = YES;
				GCC_WARN_UNINITIALIZED_AUTOS = YES;
				GCC_WARN_UNUSED_FUNCTION = YES;
				GCC_WARN_UNUSED_VARIABLE = YES;
				PRODUCT_NAME = "JUCE_ColourPicker";
				SDKROOT = macosx;
				WARNING_CFLAGS = "-Wreorder";
				ZERO_LINK = NO;
			};
			name = Release;
		};
		826B0B21F312E50595DCA214 /* Debug */ = {
			isa = XCBuildConfiguration;
			buildSettings = {
				ALWAYS_SEARCH_USER_PATHS = NO;
				CLANG_ENABLE_OBJC_WEAK = YES;
				CLANG_WARN_BLOCK_CAPTURE_AUTORELEASING = YES;
				CLANG_WARN_BOOL_CONVERSION = YES;
				CLANG_WARN_COMMA = YES;
				CLANG_WARN_CONSTANT_CONVERSION = YES;
				CLANG_WARN_DEPRECATED_OBJC_IMPLEMENTATIONS = YES;
				CLANG_WARN_EMPTY_BODY = YES;
				CLANG_WARN_ENUM_CONVERSION = YES;
				CLANG_WARN_INFINITE_RECURSION = YES;
				CLANG_WARN_INT_CONVERSION = YES;
				CLANG_WARN_NON_LITERAL_NULL_CONVERSION = YES;
				CLANG_WARN_OBJC_IMPLICIT_RETAIN_SELF = YES;
				CLANG_WARN_OBJC_LITERAL_CONVERSION = YES;
				CLANG_WARN_RANGE_LOOP_ANALYSIS = YES;
				CLANG_WARN_STRICT_PROTOTYPES = YES;
				CLANG_WARN_SUSPICIOUS_MOVE = YES;
				CLANG_WARN_UNREACHABLE_CODE = YES;
				CLANG_WARN__DUPLICATE_METHOD_MATCH = YES;
				DEBUG_INFORMATION_FORMAT = dwarf;
				ENABLE_STRICT_OBJC_MSGSEND = YES;
				ENABLE_TESTABILITY = NO;
				GCC_C_LANGUAGE_STANDARD = c11;
				GCC_INLINES_ARE_PRIVATE_EXTERN = YES;
				GCC_MODEL_TUNING = G5;
				GCC_NO_COMMON_BLOCKS = YES;
				GCC_SYMBOLS_PRIVATE_EXTERN = YES;
				GCC_WARN_64_TO_32_BIT_CONVERSION = YES;
				GCC_WARN_ABOUT_RETURN_TYPE = YES;
				GCC_WARN_CHECK_SWITCH_STATEMENTS = YES;
				GCC_WARN_MISSING_PARENTHESES = YES;
				GCC_WARN_NON_VIRTUAL_DESTRUCTOR = YES;
				GCC_WARN_TYPECHECK_CALLS_TO_PRINTF = YES;
				GCC_WARN_UNDECLARED_SELECTOR = YES;
				GCC_WARN_UNINITIALIZED_AUTOS = YES;
				GCC_WARN_UNUSED_FUNCTION = YES;
				GCC_WARN_UNUSED_VARIABLE = YES;
				ONLY_ACTIVE_ARCH = YES;
				PRODUCT_NAME = "JUCE_ColourPicker";
				SDKROOT = macosx;
				WARNING_CFLAGS = "-Wreorder";
				ZERO_LINK = NO;
			};
			name = Debug;
		};
		BA43009606745E83F05E06F8 /* Release */ = {
			isa = XCBuildConfiguration;
			buildSettings = {
				CLANG_CXX_LANGUAGE_STANDARD = "c++17";
				CLANG_CXX_LIBRARY = "libc++";
				CLANG_LINK_OBJC_RUNTIME = NO;
				COMBINE_HIDPI_IMAGES = YES;
				CONFIGURATION_BUILD_DIR = "$(PROJECT_DIR)/build/$(CONFIGURATION)";
				DEAD_CODE_STRIPPING = YES;
				EXCLUDED_ARCHS = "";
				GCC_GENERATE_DEBUGGING_SYMBOLS = NO;
				GCC_OPTIMIZATION_LEVEL = 3;
				GCC_PREPROCESSOR_DEFINITIONS = (
					"_NDEBUG=1",
					"NDEBUG=1",
					"JUCER_XCODE_MAC_F6D2F4CF=1",
					"JUCE_APP_VERSION=1.0.0",
					"JUCE_APP_VERSION_HEX=0x10000",
					"JucePlugin_Build_VST=0",
					"JucePlugin_Build_VST3=0",
					"JucePlugin_Build_AU=0",
					"JucePlugin_Build_AUv3=0",
					"JucePlugin_Build_AAX=0",
					"JucePlugin_Build_Standalone=0",
					"JucePlugin_Build_Unity=0",
					"JucePlugin_Build_LV2=0",
				);
				GCC_VERSION = com.apple.compilers.llvm.clang.1_0;
				HEADER_SEARCH_PATHS = (
					"$(SRCROOT)/../../JuceLibraryCode",
					"$(HOME)/JUCE/modules",
					"$(inherited)",
				);
				INFOPLIST_FILE = Info-App.plist;
				INFOPLIST_PREPROCESS = NO;
				INSTALL_PATH = "$(HOME)/Applications";
				LLVM_LTO = YES;
				MACOSX_DEPLOYMENT_TARGET = 10.13;
				MTL_HEADER_SEARCH_PATHS = "$(SRCROOT)/../../JuceLibraryCode $(HOME)/JUCE/modules";
				PRODUCT_BUNDLE_IDENTIFIER = com.yourcompany.JUCE_ColourPicker;
				PRODUCT_NAME = "JUCE_ColourPicker";
				USE_HEADERMAP = NO;
				VALIDATE_WORKSPACE_SKIPPED_SDK_FRAMEWORKS = OpenGL;
				VALID_ARCHS = "i386 x86_64 arm64 arm64e";
			};
			name = Release;
		};
		BA922A9032E582B948179868 /* Debug */ = {
			isa = XCBuildConfiguration;
			buildSettings = {
				CLANG_CXX_LANGUAGE_STANDARD = "c++17";
				CLANG_CXX_LIBRARY = "libc++";
				CLANG_LINK_OBJC_RUNTIME = NO;
				COMBINE_HIDPI_IMAGES = YES;
				CONFIGURATION_BUILD_DIR = "$(PROJECT_DIR)/build/$(CONFIGURATION)";
				COPY_PHASE_STRIP = NO;
				EXCLUDED_ARCHS = "";
				GCC_DYNAMIC_NO_PIC = NO;
				GCC_OPTIMIZATION_LEVEL = 0;
				GCC_PREPROCESSOR_DEFINITIONS = (
					"_DEBUG=1",
					"DEBUG=1",
					"JUCER_XCODE_MAC_F6D2F4CF=1",
					"JUCE_APP_VERSION=1.0.0",
					"JUCE_APP_VERSION_HEX=0x10000",
					"JucePlugin_Build_VST=0",
					"JucePlugin_Build_VST3=0",
					"JucePlugin_Build_AU=0",
					"JucePlugin_Build_AUv3=0",
					"JucePlugin_Build_AAX=0",
					"JucePlugin_Build_Standalone=0",
					"JucePlugin_Build_Unity=0",
					"JucePlugin_Build_LV2=0",
				);
				GCC_VERSION = com.apple.compilers.llvm.clang.1_0;
				HEADER_SEARCH_PATHS = (
					"$(SRCROOT)/../../JuceLibraryCode",
					"$(HOME)/JUCE/modules",
					"$(inherited)",
				);
				INFOPLIST_FILE = Info-App.plist;
				INFOPLIST_PREPROCESS = NO;
				INSTALL_PATH = "$(HOME)/Applications";
				MACOSX_DEPLOYMENT_TARGET = 10.13;
				MTL_HEADER_SEARCH_PATHS = "$(SRCROOT)/../../JuceLibraryCode $(HOME)/JUCE/modules";
				PRODUCT_BUNDLE_IDENTIFIER = com.yourcompany.JUCE_ColourPicker;
				PRODUCT_NAME = "JUCE_ColourPicker";
				USE_HEADERMAP = NO;
				VALIDATE_WORKSPACE_SKIPPED_SDK_FRAMEWORKS = OpenGL;
				VALID_ARCHS = "i386 x86_64 arm64 arm64e";
			};
			name = Debug;
		};
/* End XCBuildConfiguration section */

/* Begin XCConfigurationList section */
		0C3FC1711171B6498F3B8872 = {
			isa = XCConfigurationList;
			buildConfigurations = (
				BA922A9032E582B948179868,
				BA43009606745E83F05E06F8,
			);
			defaultConfigurationIsVisible = 0;
			defaultConfigurationName = Debug;
		};
		C72AF0B9B8CBD16FAE28F1C1 = {
			isa = XCConfigurationList;
			buildConfigurations = (
				7C1B5E4DAA8B3E0EAA1FC5EE,
				826B0B21F312E50595DCA214,
			);
			defaultConfigurationIsVisible = 0;
			defaultConfigurationName = Debug;
		};
/* End XCConfigurationList section */
	};
	rootObject = FE8DD45A1CB95C94E02950CA /* Project object */;
}
